
Microsoft Visual Studio Solution File, Format Version 12.00
# Visual Studio 15
VisualStudioVersion = 15.0.28307.421
MinimumVisualStudioVersion = 10.0.40219.1
Project("{FAE04EC0-301F-11D3-BF4B-00C04F79EFBC}") = "SoftUniHttpServer", "SoftUniHttpServer\SoftUniHttpServer.csproj", "{D4368FCD-C8FF-4A1C-9E30-015567648F53}"
EndProject
Global
	GlobalSection(SolutionConfigurationPlatforms) = preSolution
		Debug|Any CPU = Debug|Any CPU
		Release|Any CPU = Release|Any CPU
	EndGlobalSection
	GlobalSection(ProjectConfigurationPlatforms) = postSolution
		{D4368FCD-C8FF-4A1C-9E30-015567648F53}.Debug|Any CPU.ActiveCfg = Debug|Any CPU
		{D4368FCD-C8FF-4A1C-9E30-015567648F53}.Debug|Any CPU.Build.0 = Debug|Any CPU
		{D4368FCD-C8FF-4A1C-9E30-015567648F53}.Release|Any CPU.ActiveCfg = Release|Any CPU
		{D4368FCD-C8FF-4A1C-9E30-015567648F53}.Release|Any CPU.Build.0 = Release|Any CPU
	EndGlobalSection
	GlobalSection(SolutionProperties) = preSolution
		HideSolutionNode = FALSE
	EndGlobalSection
	GlobalSection(ExtensibilityGlobals) = postSolution
		SolutionGuid = {EDC94450-58D5-4949-A340-728C2F7BBE2B}
	EndGlobalSection
EndGlobal
